// !$*UTF8*$!
{
	archiveVersion = 1;
	classes = {
	};
	objectVersion = 46;
	objects = {

/* Begin PBXBuildFile section */
		18102B621EC01C950059AAF7 /* Info.plist in Resources */ = {isa = PBXBuildFile; fileRef = 18102B5A1EC01C950059AAF7 /* Info.plist */; };
		18102B651EC01D340059AAF7 /* LPRSA.h in Headers */ = {isa = PBXBuildFile; fileRef = 18102B631EC01D340059AAF7 /* LPRSA.h */; settings = {ATTRIBUTES = (Public, ); }; };
		18102B661EC01D340059AAF7 /* LPRSA.m in Sources */ = {isa = PBXBuildFile; fileRef = 18102B641EC01D340059AAF7 /* LPRSA.m */; };
		18102B8D1EC5AFB70059AAF7 /* LPEncryptTool.h in Headers */ = {isa = PBXBuildFile; fileRef = 18102B8B1EC5AFB70059AAF7 /* LPEncryptTool.h */; };
		18102B8E1EC5AFB70059AAF7 /* LPEncryptTool.m in Sources */ = {isa = PBXBuildFile; fileRef = 18102B8C1EC5AFB70059AAF7 /* LPEncryptTool.m */; settings = {ATTRIBUTES = (Public, ); }; };
/* End PBXBuildFile section */

/* Begin PBXCopyFilesBuildPhase section */
		18398A4B1E600BB400D02E4C /* CopyFiles */ = {
			isa = PBXCopyFilesBuildPhase;
			buildActionMask = 2147483647;
			dstPath = "";
			dstSubfolderSpec = 7;
			files = (
			);
			runOnlyForDeploymentPostprocessing = 0;
		};
/* End PBXCopyFilesBuildPhase section */

/* Begin PBXFileReference section */
		1005C7A61BFD7E2B00F5F616 /* LPEncryptSDK.framework */ = {isa = PBXFileReference; explicitFileType = wrapper.cfbundle; includeInIndex = 0; path = LPEncryptSDK.framework; sourceTree = BUILT_PRODUCTS_DIR; };
		18102B5A1EC01C950059AAF7 /* Info.plist */ = {isa = PBXFileReference; fileEncoding = 4; lastKnownFileType = text.plist.xml; path = Info.plist; sourceTree = "<group>"; };
		18102B631EC01D340059AAF7 /* LPRSA.h */ = {isa = PBXFileReference; fileEncoding = 4; lastKnownFileType = sourcecode.c.h; path = LPRSA.h; sourceTree = "<group>"; };
		18102B641EC01D340059AAF7 /* LPRSA.m */ = {isa = PBXFileReference; fileEncoding = 4; lastKnownFileType = sourcecode.c.objc; path = LPRSA.m; sourceTree = "<group>"; };
		18102B8B1EC5AFB70059AAF7 /* LPEncryptTool.h */ = {isa = PBXFileReference; fileEncoding = 4; lastKnownFileType = sourcecode.c.h; path = LPEncryptTool.h; sourceTree = "<group>"; };
		18102B8C1EC5AFB70059AAF7 /* LPEncryptTool.m */ = {isa = PBXFileReference; fileEncoding = 4; lastKnownFileType = sourcecode.c.objc; path = LPEncryptTool.m; sourceTree = "<group>"; };
/* End PBXFileReference section */

/* Begin PBXFrameworksBuildPhase section */
		1005C7A31BFD7E2B00F5F616 /* Frameworks */ = {
			isa = PBXFrameworksBuildPhase;
			buildActionMask = 2147483647;
			files = (
			);
			runOnlyForDeploymentPostprocessing = 0;
		};
/* End PBXFrameworksBuildPhase section */

/* Begin PBXGroup section */
		10C3E6391BFD78D4000EB3BA = {
			isa = PBXGroup;
			children = (
				18102B4B1EC01C950059AAF7 /* LPEncryptSDK */,
				10C3E6431BFD78D4000EB3BA /* Products */,
			);
			sourceTree = "<group>";
		};
		10C3E6431BFD78D4000EB3BA /* Products */ = {
			isa = PBXGroup;
			children = (
				1005C7A61BFD7E2B00F5F616 /* LPEncryptSDK.framework */,
			);
			name = Products;
			sourceTree = "<group>";
		};
		18102B4B1EC01C950059AAF7 /* LPEncryptSDK */ = {
			isa = PBXGroup;
			children = (
				18102B631EC01D340059AAF7 /* LPRSA.h */,
				18102B641EC01D340059AAF7 /* LPRSA.m */,
				18102B8B1EC5AFB70059AAF7 /* LPEncryptTool.h */,
				18102B8C1EC5AFB70059AAF7 /* LPEncryptTool.m */,
				18102B5A1EC01C950059AAF7 /* Info.plist */,
			);
			path = LPEncryptSDK;
			sourceTree = "<group>";
		};
/* End PBXGroup section */

/* Begin PBXHeadersBuildPhase section */
		1005C7D61BFD954500F5F616 /* Headers */ = {
			isa = PBXHeadersBuildPhase;
			buildActionMask = 2147483647;
			files = (
				18102B651EC01D340059AAF7 /* LPRSA.h in Headers */,
				18102B8D1EC5AFB70059AAF7 /* LPEncryptTool.h in Headers */,
			);
			runOnlyForDeploymentPostprocessing = 0;
		};
/* End PBXHeadersBuildPhase section */

/* Begin PBXNativeTarget section */
		1005C7A51BFD7E2B00F5F616 /* LPEncryptSDK */ = {
			isa = PBXNativeTarget;
			buildConfigurationList = 1005C7AB1BFD7E2B00F5F616 /* Build configuration list for PBXNativeTarget "LPEncryptSDK" */;
			buildPhases = (
				1005C7A21BFD7E2B00F5F616 /* Sources */,
				1005C7A31BFD7E2B00F5F616 /* Frameworks */,
				1005C7A41BFD7E2B00F5F616 /* Resources */,
				1005C7D61BFD954500F5F616 /* Headers */,
				18398A4B1E600BB400D02E4C /* CopyFiles */,
				1817F5C81F4E68980076C175 /* ShellScript */,
			);
			buildRules = (
			);
			dependencies = (
			);
			name = LPEncryptSDK;
			productName = LPAnalytic;
			productReference = 1005C7A61BFD7E2B00F5F616 /* LPEncryptSDK.framework */;
			productType = "com.apple.product-type.bundle";
		};
/* End PBXNativeTarget section */

/* Begin PBXProject section */
		10C3E63A1BFD78D4000EB3BA /* Project object */ = {
			isa = PBXProject;
			attributes = {
				LastUpgradeCheck = 0710;
				ORGANIZATIONNAME = LP;
				TargetAttributes = {
					1005C7A51BFD7E2B00F5F616 = {
						CreatedOnToolsVersion = 7.1;
					};
				};
			};
			buildConfigurationList = 10C3E63D1BFD78D4000EB3BA /* Build configuration list for PBXProject "LPEncryptSDK" */;
			compatibilityVersion = "Xcode 3.2";
			developmentRegion = English;
			hasScannedForEncodings = 0;
			knownRegions = (
				en,
			);
			mainGroup = 10C3E6391BFD78D4000EB3BA;
			productRefGroup = 10C3E6431BFD78D4000EB3BA /* Products */;
			projectDirPath = "";
			projectRoot = "";
			targets = (
				1005C7A51BFD7E2B00F5F616 /* LPEncryptSDK */,
			);
		};
/* End PBXProject section */

/* Begin PBXResourcesBuildPhase section */
		1005C7A41BFD7E2B00F5F616 /* Resources */ = {
			isa = PBXResourcesBuildPhase;
			buildActionMask = 2147483647;
			files = (
				18102B621EC01C950059AAF7 /* Info.plist in Resources */,
			);
			runOnlyForDeploymentPostprocessing = 0;
		};
/* End PBXResourcesBuildPhase section */

/* Begin PBXShellScriptBuildPhase section */
		1817F5C81F4E68980076C175 /* ShellScript */ = {
			isa = PBXShellScriptBuildPhase;
			buildActionMask = 2147483647;
			files = (
			);
			inputPaths = (
			);
			outputPaths = (
			);
			runOnlyForDeploymentPostprocessing = 0;
			shellPath = /bin/sh;
			shellScript = "if [ \"${ACTION}\" = \"build\" ]\nthen\nINSTALL_DIR=${SRCROOT}/Products/${PROJECT_NAME}.framework\n\nDEVICE_DIR=${BUILD_ROOT}/${CONFIGURATION}-iphoneos/${PROJECT_NAME}.framework\n\nSIMULATOR_DIR=${BUILD_ROOT}/${CONFIGURATION}-iphonesimulator/${PROJECT_NAME}.framework\n\n\nif [ -d \"${INSTALL_DIR}\" ]\nthen\nrm -rf \"${INSTALL_DIR}\"\nfi\n\nmkdir -p \"${INSTALL_DIR}\"\n\ncp -R \"${DEVICE_DIR}/\" \"${INSTALL_DIR}/\"\n#ditto \"${DEVICE_DIR}/Headers\" \"${INSTALL_DIR}/Headers\"\n\nlipo -create \"${DEVICE_DIR}/${PROJECT_NAME}\" \"${SIMULATOR_DIR}/${PROJECT_NAME}\" -output \"${INSTALL_DIR}/${PROJECT_NAME}\"\n\n#open \"${DEVICE_DIR}\"\n#open \"${SRCROOT}/Products\"\nfi";
		};
/* End PBXShellScriptBuildPhase section */

/* Begin PBXSourcesBuildPhase section */
		1005C7A21BFD7E2B00F5F616 /* Sources */ = {
			isa = PBXSourcesBuildPhase;
			buildActionMask = 2147483647;
			files = (
				18102B661EC01D340059AAF7 /* LPRSA.m in Sources */,
				18102B8E1EC5AFB70059AAF7 /* LPEncryptTool.m in Sources */,
			);
			runOnlyForDeploymentPostprocessing = 0;
		};
/* End PBXSourcesBuildPhase section */

/* Begin XCBuildConfiguration section */
		1005C7A91BFD7E2B00F5F616 /* Debug */ = {
			isa = XCBuildConfiguration;
			buildSettings = {
				CODE_SIGN_IDENTITY = "-";
				COMBINE_HIDPI_IMAGES = YES;
				DEAD_CODE_STRIPPING = NO;
				INFOPLIST_FILE = LPEncryptSDK/Info.plist;
				INSTALL_PATH = "$(LOCAL_LIBRARY_DIR)/Bundles";
				LINK_WITH_STANDARD_LIBRARIES = NO;
				MACH_O_TYPE = staticlib;
				MACOSX_DEPLOYMENT_TARGET = 10.10;
				ONLY_ACTIVE_ARCH = NO;
				PRODUCT_BUNDLE_IDENTIFIER = com.zjlp.LPEncryptSDK;
				PRODUCT_NAME = "$(TARGET_NAME)";
				PUBLIC_HEADERS_FOLDER_PATH = "$(CONTENTS_FOLDER_PATH)/Headers";
				SDKROOT = iphoneos;
				SKIP_INSTALL = YES;
				TARGETED_DEVICE_FAMILY = 1;
				VALID_ARCHS = "armv7s armv7 arm64";
				WRAPPER_EXTENSION = framework;
			};
			name = Debug;
		};
		1005C7AA1BFD7E2B00F5F616 /* Release */ = {
			isa = XCBuildConfiguration;
			buildSettings = {
				CODE_SIGN_IDENTITY = "-";
				COMBINE_HIDPI_IMAGES = YES;
				DEAD_CODE_STRIPPING = NO;
				INFOPLIST_FILE = LPEncryptSDK/Info.plist;
				INSTALL_PATH = "$(LOCAL_LIBRARY_DIR)/Bundles";
				LINK_WITH_STANDARD_LIBRARIES = NO;
				MACH_O_TYPE = staticlib;
				MACOSX_DEPLOYMENT_TARGET = 10.10;
				PRODUCT_BUNDLE_IDENTIFIER = com.zjlp.LPEncryptSDK;
				PRODUCT_NAME = "$(TARGET_NAME)";
				PUBLIC_HEADERS_FOLDER_PATH = "$(CONTENTS_FOLDER_PATH)/Headers";
				SDKROOT = iphoneos;
				SKIP_INSTALL = YES;
				TARGETED_DEVICE_FAMILY = 1;
				VALID_ARCHS = "armv7s armv7 arm64";
				WRAPPER_EXTENSION = framework;
			};
			name = Release;
		};
		10C3E6491BFD78D5000EB3BA /* Debug */ = {
			isa = XCBuildConfiguration;
			buildSettings = {
				ALWAYS_SEARCH_USER_PATHS = NO;
				CLANG_CXX_LANGUAGE_STANDARD = "gnu++0x";
				CLANG_CXX_LIBRARY = "libc++";
				CLANG_ENABLE_MODULES = YES;
				CLANG_ENABLE_OBJC_ARC = YES;
				CLANG_WARN_BOOL_CONVERSION = YES;
				CLANG_WARN_CONSTANT_CONVERSION = YES;
				CLANG_WARN_DIRECT_OBJC_ISA_USAGE = YES_ERROR;
				CLANG_WARN_EMPTY_BODY = YES;
				CLANG_WARN_ENUM_CONVERSION = YES;
				CLANG_WARN_INT_CONVERSION = YES;
				CLANG_WARN_OBJC_ROOT_CLASS = YES_ERROR;
				CLANG_WARN_UNREACHABLE_CODE = YES;
				CLANG_WARN__DUPLICATE_METHOD_MATCH = YES;
				"CODE_SIGN_IDENTITY[sdk=iphoneos*]" = "iPhone Developer";
				COPY_PHASE_STRIP = NO;
				DEAD_CODE_STRIPPING = NO;
				DEBUG_INFORMATION_FORMAT = dwarf;
				ENABLE_STRICT_OBJC_MSGSEND = YES;
				ENABLE_TESTABILITY = YES;
				GCC_C_LANGUAGE_STANDARD = gnu99;
				GCC_DYNAMIC_NO_PIC = NO;
				GCC_NO_COMMON_BLOCKS = YES;
				GCC_OPTIMIZATION_LEVEL = 0;
				GCC_PREPROCESSOR_DEFINITIONS = (
					"DEBUG=1",
					"$(inherited)",
				);
				GCC_WARN_64_TO_32_BIT_CONVERSION = YES;
				GCC_WARN_ABOUT_RETURN_TYPE = YES_ERROR;
				GCC_WARN_UNDECLARED_SELECTOR = YES;
				GCC_WARN_UNINITIALIZED_AUTOS = YES_AGGRESSIVE;
				GCC_WARN_UNUSED_FUNCTION = YES;
				GCC_WARN_UNUSED_VARIABLE = YES;
				IPHONEOS_DEPLOYMENT_TARGET = 7.0;
				MACOSX_DEPLOYMENT_TARGET = 10.10;
				MTL_ENABLE_DEBUG_INFO = YES;
				ONLY_ACTIVE_ARCH = YES;
				PUBLIC_HEADERS_FOLDER_PATH = "Headers/&(PROJECT_NAME)";
				SDKROOT = iphoneos;
				STRIP_STYLE = "non-global";
			};
			name = Debug;
		};
		10C3E64A1BFD78D5000EB3BA /* Release */ = {
			isa = XCBuildConfiguration;
			buildSettings = {
				ALWAYS_SEARCH_USER_PATHS = NO;
				CLANG_CXX_LANGUAGE_STANDARD = "gnu++0x";
				CLANG_CXX_LIBRARY = "libc++";
				CLANG_ENABLE_MODULES = YES;
				CLANG_ENABLE_OBJC_ARC = YES;
				CLANG_WARN_BOOL_CONVERSION = YES;
				CLANG_WARN_CONSTANT_CONVERSION = YES;
				CLANG_WARN_DIRECT_OBJC_ISA_USAGE = YES_ERROR;
				CLANG_WARN_EMPTY_BODY = YES;
				CLANG_WARN_ENUM_CONVERSION = YES;
				CLANG_WARN_INT_CONVERSION = YES;
				CLANG_WARN_OBJC_ROOT_CLASS = YES_ERROR;
				CLANG_WARN_UNREACHABLE_CODE = YES;
				CLANG_WARN__DUPLICATE_METHOD_MATCH = YES;
				"CODE_SIGN_IDENTITY[sdk=iphoneos*]" = "iPhone Developer";
				COPY_PHASE_STRIP = NO;
				DEAD_CODE_STRIPPING = NO;
				DEBUG_INFORMATION_FORMAT = "dwarf-with-dsym";
				ENABLE_NS_ASSERTIONS = NO;
				ENABLE_STRICT_OBJC_MSGSEND = YES;
				GCC_C_LANGUAGE_STANDARD = gnu99;
				GCC_NO_COMMON_BLOCKS = YES;
				GCC_WARN_64_TO_32_BIT_CONVERSION = YES;
				GCC_WARN_ABOUT_RETURN_TYPE = YES_ERROR;
				GCC_WARN_UNDECLARED_SELECTOR = YES;
				GCC_WARN_UNINITIALIZED_AUTOS = YES_AGGRESSIVE;
				GCC_WARN_UNUSED_FUNCTION = YES;
				GCC_WARN_UNUSED_VARIABLE = YES;
				IPHONEOS_DEPLOYMENT_TARGET = 7.0;
				MACOSX_DEPLOYMENT_TARGET = 10.10;
				MTL_ENABLE_DEBUG_INFO = NO;
				PUBLIC_HEADERS_FOLDER_PATH = "Headers/&(PROJECT_NAME)";
				SDKROOT = iphoneos;
				STRIP_STYLE = "non-global";
				VALIDATE_PRODUCT = YES;
			};
			name = Release;
		};
/* End XCBuildConfiguration section */

/* Begin XCConfigurationList section */
		1005C7AB1BFD7E2B00F5F616 /* Build configuration list for PBXNativeTarget "LPEncryptSDK" */ = {
			isa = XCConfigurationList;
			buildConfigurations = (
				1005C7A91BFD7E2B00F5F616 /* Debug */,
				1005C7AA1BFD7E2B00F5F616 /* Release */,
			);
			defaultConfigurationIsVisible = 0;
			defaultConfigurationName = Release;
		};
		10C3E63D1BFD78D4000EB3BA /* Build configuration list for PBXProject "LPEncryptSDK" */ = {
			isa = XCConfigurationList;
			buildConfigurations = (
				10C3E6491BFD78D5000EB3BA /* Debug */,
				10C3E64A1BFD78D5000EB3BA /* Release */,
			);
			defaultConfigurationIsVisible = 0;
			defaultConfigurationName = Release;
		};
/* End XCConfigurationList section */
	};
	rootObject = 10C3E63A1BFD78D4000EB3BA /* Project object */;
}
